
Microsoft Visual Studio Solution File, Format Version 12.00
# Visual Studio 15
VisualStudioVersion = 15.0.28307.1022
MinimumVisualStudioVersion = 10.0.40219.1
Project("{FAE04EC0-301F-11D3-BF4B-00C04F79EFBC}") = "DEV-2", "DEV-2\DEV-2.csproj", "{98AE036D-7F59-4509-BC4F-DEE715C56262}"
EndProject
Project("{FAE04EC0-301F-11D3-BF4B-00C04F79EFBC}") = "DEV-2Tests", "DEV-2Tests\DEV-2Tests.csproj", "{2221BD36-C4EC-4C1A-AE97-84CCA4DE3AB7}"
EndProject
Global
	GlobalSection(SolutionConfigurationPlatforms) = preSolution
		Debug|Any CPU = Debug|Any CPU
		Release|Any CPU = Release|Any CPU
	EndGlobalSection
	GlobalSection(ProjectConfigurationPlatforms) = postSolution
		{98AE036D-7F59-4509-BC4F-DEE715C56262}.Debug|Any CPU.ActiveCfg = Debug|Any CPU
		{98AE036D-7F59-4509-BC4F-DEE715C56262}.Debug|Any CPU.Build.0 = Debug|Any CPU
		{98AE036D-7F59-4509-BC4F-DEE715C56262}.Release|Any CPU.ActiveCfg = Release|Any CPU
		{98AE036D-7F59-4509-BC4F-DEE715C56262}.Release|Any CPU.Build.0 = Release|Any CPU
		{2221BD36-C4EC-4C1A-AE97-84CCA4DE3AB7}.Debug|Any CPU.ActiveCfg = Debug|Any CPU
		{2221BD36-C4EC-4C1A-AE97-84CCA4DE3AB7}.Debug|Any CPU.Build.0 = Debug|Any CPU
		{2221BD36-C4EC-4C1A-AE97-84CCA4DE3AB7}.Release|Any CPU.ActiveCfg = Release|Any CPU
		{2221BD36-C4EC-4C1A-AE97-84CCA4DE3AB7}.Release|Any CPU.Build.0 = Release|Any CPU
	EndGlobalSection
	GlobalSection(SolutionProperties) = preSolution
		HideSolutionNode = FALSE
	EndGlobalSection
	GlobalSection(ExtensibilityGlobals) = postSolution
		SolutionGuid = {8F3D6BA5-056D-4522-A956-A71C1A117763}
	EndGlobalSection
EndGlobal
